
Microsoft Visual Studio Solution File, Format Version 12.00
# Visual Studio Version 17
VisualStudioVersion = 17.8.34525.116
MinimumVisualStudioVersion = 10.0.40219.1
Project("{FAE04EC0-301F-11D3-BF4B-00C04F79EFBC}") = "ArrayExercises1", "ArrayExercises1.csproj", "{0742656C-0FB1-4D3C-B333-C040D50952E3}"
EndProject
Global
	GlobalSection(SolutionConfigurationPlatforms) = preSolution
		Debug|Any CPU = Debug|Any CPU
		Release|Any CPU = Release|Any CPU
	EndGlobalSection
	GlobalSection(ProjectConfigurationPlatforms) = postSolution
		{0742656C-0FB1-4D3C-B333-C040D50952E3}.Debug|Any CPU.ActiveCfg = Debug|Any CPU
		{0742656C-0FB1-4D3C-B333-C040D50952E3}.Debug|Any CPU.Build.0 = Debug|Any CPU
		{0742656C-0FB1-4D3C-B333-C040D50952E3}.Release|Any CPU.ActiveCfg = Release|Any CPU
		{0742656C-0FB1-4D3C-B333-C040D50952E3}.Release|Any CPU.Build.0 = Release|Any CPU
	EndGlobalSection
	GlobalSection(SolutionProperties) = preSolution
		HideSolutionNode = FALSE
	EndGlobalSection
	GlobalSection(ExtensibilityGlobals) = postSolution
		SolutionGuid = {39E7C059-4597-4D39-AB00-DE20BBB8AA6A}
	EndGlobalSection
EndGlobal
