
Microsoft Visual Studio Solution File, Format Version 12.00
# Visual Studio Version 17
VisualStudioVersion = 17.8.34525.116
MinimumVisualStudioVersion = 10.0.40219.1
Project("{FAE04EC0-301F-11D3-BF4B-00C04F79EFBC}") = "CsharpArrays", "CsharpArrays.csproj", "{779DDCBC-B437-4224-8A99-E1E85B22FFBB}"
EndProject
Global
	GlobalSection(SolutionConfigurationPlatforms) = preSolution
		Debug|Any CPU = Debug|Any CPU
		Release|Any CPU = Release|Any CPU
	EndGlobalSection
	GlobalSection(ProjectConfigurationPlatforms) = postSolution
		{779DDCBC-B437-4224-8A99-E1E85B22FFBB}.Debug|Any CPU.ActiveCfg = Debug|Any CPU
		{779DDCBC-B437-4224-8A99-E1E85B22FFBB}.Debug|Any CPU.Build.0 = Debug|Any CPU
		{779DDCBC-B437-4224-8A99-E1E85B22FFBB}.Release|Any CPU.ActiveCfg = Release|Any CPU
		{779DDCBC-B437-4224-8A99-E1E85B22FFBB}.Release|Any CPU.Build.0 = Release|Any CPU
	EndGlobalSection
	GlobalSection(SolutionProperties) = preSolution
		HideSolutionNode = FALSE
	EndGlobalSection
	GlobalSection(ExtensibilityGlobals) = postSolution
		SolutionGuid = {CFE0EB59-E498-4D24-A399-044DBFA63FEF}
	EndGlobalSection
EndGlobal
