
Microsoft Visual Studio Solution File, Format Version 12.00
# Visual Studio Version 17
VisualStudioVersion = 17.8.34525.116
MinimumVisualStudioVersion = 10.0.40219.1
Project("{FAE04EC0-301F-11D3-BF4B-00C04F79EFBC}") = "OOPExercises4", "OOPExercises4.csproj", "{DBA371E3-A2DC-44A1-886D-34728BF8F18F}"
EndProject
Global
	GlobalSection(SolutionConfigurationPlatforms) = preSolution
		Debug|Any CPU = Debug|Any CPU
		Release|Any CPU = Release|Any CPU
	EndGlobalSection
	GlobalSection(ProjectConfigurationPlatforms) = postSolution
		{DBA371E3-A2DC-44A1-886D-34728BF8F18F}.Debug|Any CPU.ActiveCfg = Debug|Any CPU
		{DBA371E3-A2DC-44A1-886D-34728BF8F18F}.Debug|Any CPU.Build.0 = Debug|Any CPU
		{DBA371E3-A2DC-44A1-886D-34728BF8F18F}.Release|Any CPU.ActiveCfg = Release|Any CPU
		{DBA371E3-A2DC-44A1-886D-34728BF8F18F}.Release|Any CPU.Build.0 = Release|Any CPU
	EndGlobalSection
	GlobalSection(SolutionProperties) = preSolution
		HideSolutionNode = FALSE
	EndGlobalSection
	GlobalSection(ExtensibilityGlobals) = postSolution
		SolutionGuid = {5BEADACE-F72B-41AC-B827-9FA68A6D9D6B}
	EndGlobalSection
EndGlobal
