
Microsoft Visual Studio Solution File, Format Version 12.00
# Visual Studio Version 17
VisualStudioVersion = 17.8.34525.116
MinimumVisualStudioVersion = 10.0.40219.1
Project("{FAE04EC0-301F-11D3-BF4B-00C04F79EFBC}") = "CursoCsharpHelloWorld", "CursoCsharpHelloWorld\CursoCsharpHelloWorld.csproj", "{C5C8802E-8EDE-4F9F-998E-F24722E32E41}"
EndProject
Global
	GlobalSection(SolutionConfigurationPlatforms) = preSolution
		Debug|Any CPU = Debug|Any CPU
		Release|Any CPU = Release|Any CPU
	EndGlobalSection
	GlobalSection(ProjectConfigurationPlatforms) = postSolution
		{C5C8802E-8EDE-4F9F-998E-F24722E32E41}.Debug|Any CPU.ActiveCfg = Debug|Any CPU
		{C5C8802E-8EDE-4F9F-998E-F24722E32E41}.Debug|Any CPU.Build.0 = Debug|Any CPU
		{C5C8802E-8EDE-4F9F-998E-F24722E32E41}.Release|Any CPU.ActiveCfg = Release|Any CPU
		{C5C8802E-8EDE-4F9F-998E-F24722E32E41}.Release|Any CPU.Build.0 = Release|Any CPU
	EndGlobalSection
	GlobalSection(SolutionProperties) = preSolution
		HideSolutionNode = FALSE
	EndGlobalSection
	GlobalSection(ExtensibilityGlobals) = postSolution
		SolutionGuid = {21FCE914-4E34-4BF0-9E52-8277CD545474}
	EndGlobalSection
EndGlobal
