
Microsoft Visual Studio Solution File, Format Version 12.00
# Visual Studio Version 17
VisualStudioVersion = 17.8.34525.116
MinimumVisualStudioVersion = 10.0.40219.1
Project("{FAE04EC0-301F-11D3-BF4B-00C04F79EFBC}") = "OOPCourse", "OOPCourse.csproj", "{1F192661-D412-49A6-99B9-718FFA9D13EA}"
EndProject
Global
	GlobalSection(SolutionConfigurationPlatforms) = preSolution
		Debug|Any CPU = Debug|Any CPU
		Release|Any CPU = Release|Any CPU
	EndGlobalSection
	GlobalSection(ProjectConfigurationPlatforms) = postSolution
		{1F192661-D412-49A6-99B9-718FFA9D13EA}.Debug|Any CPU.ActiveCfg = Debug|Any CPU
		{1F192661-D412-49A6-99B9-718FFA9D13EA}.Debug|Any CPU.Build.0 = Debug|Any CPU
		{1F192661-D412-49A6-99B9-718FFA9D13EA}.Release|Any CPU.ActiveCfg = Release|Any CPU
		{1F192661-D412-49A6-99B9-718FFA9D13EA}.Release|Any CPU.Build.0 = Release|Any CPU
	EndGlobalSection
	GlobalSection(SolutionProperties) = preSolution
		HideSolutionNode = FALSE
	EndGlobalSection
	GlobalSection(ExtensibilityGlobals) = postSolution
		SolutionGuid = {B86726A2-0E22-458A-883E-C68DC6057487}
	EndGlobalSection
EndGlobal
